
Microsoft Visual Studio Solution File, Format Version 12.00
# Visual Studio 15
VisualStudioVersion = 15.0.28307.168
MinimumVisualStudioVersion = 10.0.40219.1
Project("{FAE04EC0-301F-11D3-BF4B-00C04F79EFBC}") = "T1", "T1\T1.csproj", "{FBC2E2EF-5FBE-4D4A-A377-4CFDE24C46BD}"
EndProject
Project("{FAE04EC0-301F-11D3-BF4B-00C04F79EFBC}") = "Task2", "Task2\Task2.csproj", "{A50F9DF5-4889-4071-A5B4-21937DD6764E}"
EndProject
Project("{FAE04EC0-301F-11D3-BF4B-00C04F79EFBC}") = "T3", "T3\T3.csproj", "{DE10A143-4721-4FCA-ABA7-EE4B8B498515}"
EndProject
Project("{FAE04EC0-301F-11D3-BF4B-00C04F79EFBC}") = "T4", "T4\T4.csproj", "{47962D4E-8499-41A9-BBF4-340165AF167B}"
EndProject
Project("{FAE04EC0-301F-11D3-BF4B-00C04F79EFBC}") = "T4_arrays", "T4_arrays\T4_arrays.csproj", "{F3FB0B2D-88B4-4327-8C1A-F5E7464EBEB6}"
EndProject
Global
	GlobalSection(SolutionConfigurationPlatforms) = preSolution
		Debug|Any CPU = Debug|Any CPU
		Release|Any CPU = Release|Any CPU
	EndGlobalSection
	GlobalSection(ProjectConfigurationPlatforms) = postSolution
		{FBC2E2EF-5FBE-4D4A-A377-4CFDE24C46BD}.Debug|Any CPU.ActiveCfg = Debug|Any CPU
		{FBC2E2EF-5FBE-4D4A-A377-4CFDE24C46BD}.Debug|Any CPU.Build.0 = Debug|Any CPU
		{FBC2E2EF-5FBE-4D4A-A377-4CFDE24C46BD}.Release|Any CPU.ActiveCfg = Release|Any CPU
		{FBC2E2EF-5FBE-4D4A-A377-4CFDE24C46BD}.Release|Any CPU.Build.0 = Release|Any CPU
		{A50F9DF5-4889-4071-A5B4-21937DD6764E}.Debug|Any CPU.ActiveCfg = Debug|Any CPU
		{A50F9DF5-4889-4071-A5B4-21937DD6764E}.Debug|Any CPU.Build.0 = Debug|Any CPU
		{A50F9DF5-4889-4071-A5B4-21937DD6764E}.Release|Any CPU.ActiveCfg = Release|Any CPU
		{A50F9DF5-4889-4071-A5B4-21937DD6764E}.Release|Any CPU.Build.0 = Release|Any CPU
		{DE10A143-4721-4FCA-ABA7-EE4B8B498515}.Debug|Any CPU.ActiveCfg = Debug|Any CPU
		{DE10A143-4721-4FCA-ABA7-EE4B8B498515}.Debug|Any CPU.Build.0 = Debug|Any CPU
		{DE10A143-4721-4FCA-ABA7-EE4B8B498515}.Release|Any CPU.ActiveCfg = Release|Any CPU
		{DE10A143-4721-4FCA-ABA7-EE4B8B498515}.Release|Any CPU.Build.0 = Release|Any CPU
		{47962D4E-8499-41A9-BBF4-340165AF167B}.Debug|Any CPU.ActiveCfg = Debug|Any CPU
		{47962D4E-8499-41A9-BBF4-340165AF167B}.Debug|Any CPU.Build.0 = Debug|Any CPU
		{47962D4E-8499-41A9-BBF4-340165AF167B}.Release|Any CPU.ActiveCfg = Release|Any CPU
		{47962D4E-8499-41A9-BBF4-340165AF167B}.Release|Any CPU.Build.0 = Release|Any CPU
		{F3FB0B2D-88B4-4327-8C1A-F5E7464EBEB6}.Debug|Any CPU.ActiveCfg = Debug|Any CPU
		{F3FB0B2D-88B4-4327-8C1A-F5E7464EBEB6}.Debug|Any CPU.Build.0 = Debug|Any CPU
		{F3FB0B2D-88B4-4327-8C1A-F5E7464EBEB6}.Release|Any CPU.ActiveCfg = Release|Any CPU
		{F3FB0B2D-88B4-4327-8C1A-F5E7464EBEB6}.Release|Any CPU.Build.0 = Release|Any CPU
	EndGlobalSection
	GlobalSection(SolutionProperties) = preSolution
		HideSolutionNode = FALSE
	EndGlobalSection
	GlobalSection(ExtensibilityGlobals) = postSolution
		SolutionGuid = {82652CB3-5481-49F6-9A71-FCDDF8DFA7E4}
	EndGlobalSection
EndGlobal
